// !$*UTF8*$!
{
	archiveVersion = 1;
	classes = {
	};
	objectVersion = 50;
	objects = {

/* Begin PBXBuildFile section */
		CBFE209724012C9B00B95F24 /* AppDelegate.swift in Sources */ = {isa = PBXBuildFile; fileRef = CBFE209624012C9B00B95F24 /* AppDelegate.swift */; };
		CBFE209924012C9B00B95F24 /* SceneDelegate.swift in Sources */ = {isa = PBXBuildFile; fileRef = CBFE209824012C9B00B95F24 /* SceneDelegate.swift */; };
		CBFE209B24012C9B00B95F24 /* ViewController.swift in Sources */ = {isa = PBXBuildFile; fileRef = CBFE209A24012C9B00B95F24 /* ViewController.swift */; };
		CBFE209E24012C9B00B95F24 /* Main.storyboard in Resources */ = {isa = PBXBuildFile; fileRef = CBFE209C24012C9B00B95F24 /* Main.storyboard */; };
		CBFE20A024012C9F00B95F24 /* Assets.xcassets in Resources */ = {isa = PBXBuildFile; fileRef = CBFE209F24012C9F00B95F24 /* Assets.xcassets */; };
		CBFE20A324012C9F00B95F24 /* LaunchScreen.storyboard in Resources */ = {isa = PBXBuildFile; fileRef = CBFE20A124012C9F00B95F24 /* LaunchScreen.storyboard */; };
		CBFE20AE24012C9F00B95F24 /* FlashcardsTests.swift in Sources */ = {isa = PBXBuildFile; fileRef = CBFE20AD24012C9F00B95F24 /* FlashcardsTests.swift */; };
		CBFE20B924012C9F00B95F24 /* FlashcardsUITests.swift in Sources */ = {isa = PBXBuildFile; fileRef = CBFE20B824012C9F00B95F24 /* FlashcardsUITests.swift */; };
/* End PBXBuildFile section */

/* Begin PBXContainerItemProxy section */
		CBFE20AA24012C9F00B95F24 /* PBXContainerItemProxy */ = {
			isa = PBXContainerItemProxy;
			containerPortal = CBFE208B24012C9B00B95F24 /* Project object */;
			proxyType = 1;
			remoteGlobalIDString = CBFE209224012C9B00B95F24;
			remoteInfo = Flashcards;
		};
		CBFE20B524012C9F00B95F24 /* PBXContainerItemProxy */ = {
			isa = PBXContainerItemProxy;
			containerPortal = CBFE208B24012C9B00B95F24 /* Project object */;
			proxyType = 1;
			remoteGlobalIDString = CBFE209224012C9B00B95F24;
			remoteInfo = Flashcards;
		};
/* End PBXContainerItemProxy section */

/* Begin PBXFileReference section */
		CBFE209324012C9B00B95F24 /* Flashcards.app */ = {isa = PBXFileReference; explicitFileType = wrapper.application; includeInIndex = 0; path = Flashcards.app; sourceTree = BUILT_PRODUCTS_DIR; };
		CBFE209624012C9B00B95F24 /* AppDelegate.swift */ = {isa = PBXFileReference; lastKnownFileType = sourcecode.swift; path = AppDelegate.swift; sourceTree = "<group>"; };
		CBFE209824012C9B00B95F24 /* SceneDelegate.swift */ = {isa = PBXFileReference; lastKnownFileType = sourcecode.swift; path = SceneDelegate.swift; sourceTree = "<group>"; };
		CBFE209A24012C9B00B95F24 /* ViewController.swift */ = {isa = PBXFileReference; lastKnownFileType = sourcecode.swift; path = ViewController.swift; sourceTree = "<group>"; };
		CBFE209D24012C9B00B95F24 /* Base */ = {isa = PBXFileReference; lastKnownFileType = file.storyboard; name = Base; path = Base.lproj/Main.storyboard; sourceTree = "<group>"; };
		CBFE209F24012C9F00B95F24 /* Assets.xcassets */ = {isa = PBXFileReference; lastKnownFileType = folder.assetcatalog; path = Assets.xcassets; sourceTree = "<group>"; };
		CBFE20A224012C9F00B95F24 /* Base */ = {isa = PBXFileReference; lastKnownFileType = file.storyboard; name = Base; path = Base.lproj/LaunchScreen.storyboard; sourceTree = "<group>"; };
		CBFE20A424012C9F00B95F24 /* Info.plist */ = {isa = PBXFileReference; lastKnownFileType = text.plist.xml; path = Info.plist; sourceTree = "<group>"; };
		CBFE20A924012C9F00B95F24 /* FlashcardsTests.xctest */ = {isa = PBXFileReference; explicitFileType = wrapper.cfbundle; includeInIndex = 0; path = FlashcardsTests.xctest; sourceTree = BUILT_PRODUCTS_DIR; };
		CBFE20AD24012C9F00B95F24 /* FlashcardsTests.swift */ = {isa = PBXFileReference; lastKnownFileType = sourcecode.swift; path = FlashcardsTests.swift; sourceTree = "<group>"; };
		CBFE20AF24012C9F00B95F24 /* Info.plist */ = {isa = PBXFileReference; lastKnownFileType = text.plist.xml; path = Info.plist; sourceTree = "<group>"; };
		CBFE20B424012C9F00B95F24 /* FlashcardsUITests.xctest */ = {isa = PBXFileReference; explicitFileType = wrapper.cfbundle; includeInIndex = 0; path = FlashcardsUITests.xctest; sourceTree = BUILT_PRODUCTS_DIR; };
		CBFE20B824012C9F00B95F24 /* FlashcardsUITests.swift */ = {isa = PBXFileReference; lastKnownFileType = sourcecode.swift; path = FlashcardsUITests.swift; sourceTree = "<group>"; };
		CBFE20BA24012C9F00B95F24 /* Info.plist */ = {isa = PBXFileReference; lastKnownFileType = text.plist.xml; path = Info.plist; sourceTree = "<group>"; };
/* End PBXFileReference section */

/* Begin PBXFrameworksBuildPhase section */
		CBFE209024012C9B00B95F24 /* Frameworks */ = {
			isa = PBXFrameworksBuildPhase;
			buildActionMask = 2147483647;
			files = (
			);
			runOnlyForDeploymentPostprocessing = 0;
		};
		CBFE20A624012C9F00B95F24 /* Frameworks */ = {
			isa = PBXFrameworksBuildPhase;
			buildActionMask = 2147483647;
			files = (
			);
			runOnlyForDeploymentPostprocessing = 0;
		};
		CBFE20B124012C9F00B95F24 /* Frameworks */ = {
			isa = PBXFrameworksBuildPhase;
			buildActionMask = 2147483647;
			files = (
			);
			runOnlyForDeploymentPostprocessing = 0;
		};
/* End PBXFrameworksBuildPhase section */

/* Begin PBXGroup section */
		CBFE208A24012C9B00B95F24 = {
			isa = PBXGroup;
			children = (
				CBFE209524012C9B00B95F24 /* Flashcards */,
				CBFE20AC24012C9F00B95F24 /* FlashcardsTests */,
				CBFE20B724012C9F00B95F24 /* FlashcardsUITests */,
				CBFE209424012C9B00B95F24 /* Products */,
			);
			sourceTree = "<group>";
		};
		CBFE209424012C9B00B95F24 /* Products */ = {
			isa = PBXGroup;
			children = (
				CBFE209324012C9B00B95F24 /* Flashcards.app */,
				CBFE20A924012C9F00B95F24 /* FlashcardsTests.xctest */,
				CBFE20B424012C9F00B95F24 /* FlashcardsUITests.xctest */,
			);
			name = Products;
			sourceTree = "<group>";
		};
		CBFE209524012C9B00B95F24 /* Flashcards */ = {
			isa = PBXGroup;
			children = (
				CBFE209624012C9B00B95F24 /* AppDelegate.swift */,
				CBFE209824012C9B00B95F24 /* SceneDelegate.swift */,
				CBFE209A24012C9B00B95F24 /* ViewController.swift */,
				CBFE209C24012C9B00B95F24 /* Main.storyboard */,
				CBFE209F24012C9F00B95F24 /* Assets.xcassets */,
				CBFE20A124012C9F00B95F24 /* LaunchScreen.storyboard */,
				CBFE20A424012C9F00B95F24 /* Info.plist */,
			);
			path = Flashcards;
			sourceTree = "<group>";
		};
		CBFE20AC24012C9F00B95F24 /* FlashcardsTests */ = {
			isa = PBXGroup;
			children = (
				CBFE20AD24012C9F00B95F24 /* FlashcardsTests.swift */,
				CBFE20AF24012C9F00B95F24 /* Info.plist */,
			);
			path = FlashcardsTests;
			sourceTree = "<group>";
		};
		CBFE20B724012C9F00B95F24 /* FlashcardsUITests */ = {
			isa = PBXGroup;
			children = (
				CBFE20B824012C9F00B95F24 /* FlashcardsUITests.swift */,
				CBFE20BA24012C9F00B95F24 /* Info.plist */,
			);
			path = FlashcardsUITests;
			sourceTree = "<group>";
		};
/* End PBXGroup section */

/* Begin PBXNativeTarget section */
		CBFE209224012C9B00B95F24 /* Flashcards */ = {
			isa = PBXNativeTarget;
			buildConfigurationList = CBFE20BD24012C9F00B95F24 /* Build configuration list for PBXNativeTarget "Flashcards" */;
			buildPhases = (
				CBFE208F24012C9B00B95F24 /* Sources */,
				CBFE209024012C9B00B95F24 /* Frameworks */,
				CBFE209124012C9B00B95F24 /* Resources */,
			);
			buildRules = (
			);
			dependencies = (
			);
			name = Flashcards;
			productName = Flashcards;
			productReference = CBFE209324012C9B00B95F24 /* Flashcards.app */;
			productType = "com.apple.product-type.application";
		};
		CBFE20A824012C9F00B95F24 /* FlashcardsTests */ = {
			isa = PBXNativeTarget;
			buildConfigurationList = CBFE20C024012C9F00B95F24 /* Build configuration list for PBXNativeTarget "FlashcardsTests" */;
			buildPhases = (
				CBFE20A524012C9F00B95F24 /* Sources */,
				CBFE20A624012C9F00B95F24 /* Frameworks */,
				CBFE20A724012C9F00B95F24 /* Resources */,
			);
			buildRules = (
			);
			dependencies = (
				CBFE20AB24012C9F00B95F24 /* PBXTargetDependency */,
			);
			name = FlashcardsTests;
			productName = FlashcardsTests;
			productReference = CBFE20A924012C9F00B95F24 /* FlashcardsTests.xctest */;
			productType = "com.apple.product-type.bundle.unit-test";
		};
		CBFE20B324012C9F00B95F24 /* FlashcardsUITests */ = {
			isa = PBXNativeTarget;
			buildConfigurationList = CBFE20C324012C9F00B95F24 /* Build configuration list for PBXNativeTarget "FlashcardsUITests" */;
			buildPhases = (
				CBFE20B024012C9F00B95F24 /* Sources */,
				CBFE20B124012C9F00B95F24 /* Frameworks */,
				CBFE20B224012C9F00B95F24 /* Resources */,
			);
			buildRules = (
			);
			dependencies = (
				CBFE20B624012C9F00B95F24 /* PBXTargetDependency */,
			);
			name = FlashcardsUITests;
			productName = FlashcardsUITests;
			productReference = CBFE20B424012C9F00B95F24 /* FlashcardsUITests.xctest */;
			productType = "com.apple.product-type.bundle.ui-testing";
		};
/* End PBXNativeTarget section */

/* Begin PBXProject section */
		CBFE208B24012C9B00B95F24 /* Project object */ = {
			isa = PBXProject;
			attributes = {
				LastSwiftUpdateCheck = 1130;
				LastUpgradeCheck = 1130;
				ORGANIZATIONNAME = codepath;
				TargetAttributes = {
					CBFE209224012C9B00B95F24 = {
						CreatedOnToolsVersion = 11.3.1;
					};
					CBFE20A824012C9F00B95F24 = {
						CreatedOnToolsVersion = 11.3.1;
						TestTargetID = CBFE209224012C9B00B95F24;
					};
					CBFE20B324012C9F00B95F24 = {
						CreatedOnToolsVersion = 11.3.1;
						TestTargetID = CBFE209224012C9B00B95F24;
					};
				};
			};
			buildConfigurationList = CBFE208E24012C9B00B95F24 /* Build configuration list for PBXProject "Flashcards" */;
			compatibilityVersion = "Xcode 9.3";
			developmentRegion = en;
			hasScannedForEncodings = 0;
			knownRegions = (
				en,
				Base,
			);
			mainGroup = CBFE208A24012C9B00B95F24;
			productRefGroup = CBFE209424012C9B00B95F24 /* Products */;
			projectDirPath = "";
			projectRoot = "";
			targets = (
				CBFE209224012C9B00B95F24 /* Flashcards */,
				CBFE20A824012C9F00B95F24 /* FlashcardsTests */,
				CBFE20B324012C9F00B95F24 /* FlashcardsUITests */,
			);
		};
/* End PBXProject section */

/* Begin PBXResourcesBuildPhase section */
		CBFE209124012C9B00B95F24 /* Resources */ = {
			isa = PBXResourcesBuildPhase;
			buildActionMask = 2147483647;
			files = (
				CBFE20A324012C9F00B95F24 /* LaunchScreen.storyboard in Resources */,
				CBFE20A024012C9F00B95F24 /* Assets.xcassets in Resources */,
				CBFE209E24012C9B00B95F24 /* Main.storyboard in Resources */,
			);
			runOnlyForDeploymentPostprocessing = 0;
		};
		CBFE20A724012C9F00B95F24 /* Resources */ = {
			isa = PBXResourcesBuildPhase;
			buildActionMask = 2147483647;
			files = (
			);
			runOnlyForDeploymentPostprocessing = 0;
		};
		CBFE20B224012C9F00B95F24 /* Resources */ = {
			isa = PBXResourcesBuildPhase;
			buildActionMask = 2147483647;
			files = (
			);
			runOnlyForDeploymentPostprocessing = 0;
		};
/* End PBXResourcesBuildPhase section */

/* Begin PBXSourcesBuildPhase section */
		CBFE208F24012C9B00B95F24 /* Sources */ = {
			isa = PBXSourcesBuildPhase;
			buildActionMask = 2147483647;
			files = (
				CBFE209B24012C9B00B95F24 /* ViewController.swift in Sources */,
				CBFE209724012C9B00B95F24 /* AppDelegate.swift in Sources */,
				CBFE209924012C9B00B95F24 /* SceneDelegate.swift in Sources */,
			);
			runOnlyForDeploymentPostprocessing = 0;
		};
		CBFE20A524012C9F00B95F24 /* Sources */ = {
			isa = PBXSourcesBuildPhase;
			buildActionMask = 2147483647;
			files = (
				CBFE20AE24012C9F00B95F24 /* FlashcardsTests.swift in Sources */,
			);
			runOnlyForDeploymentPostprocessing = 0;
		};
		CBFE20B024012C9F00B95F24 /* Sources */ = {
			isa = PBXSourcesBuildPhase;
			buildActionMask = 2147483647;
			files = (
				CBFE20B924012C9F00B95F24 /* FlashcardsUITests.swift in Sources */,
			);
			runOnlyForDeploymentPostprocessing = 0;
		};
/* End PBXSourcesBuildPhase section */

/* Begin PBXTargetDependency section */
		CBFE20AB24012C9F00B95F24 /* PBXTargetDependency */ = {
			isa = PBXTargetDependency;
			target = CBFE209224012C9B00B95F24 /* Flashcards */;
			targetProxy = CBFE20AA24012C9F00B95F24 /* PBXContainerItemProxy */;
		};
		CBFE20B624012C9F00B95F24 /* PBXTargetDependency */ = {
			isa = PBXTargetDependency;
			target = CBFE209224012C9B00B95F24 /* Flashcards */;
			targetProxy = CBFE20B524012C9F00B95F24 /* PBXContainerItemProxy */;
		};
/* End PBXTargetDependency section */

/* Begin PBXVariantGroup section */
		CBFE209C24012C9B00B95F24 /* Main.storyboard */ = {
			isa = PBXVariantGroup;
			children = (
				CBFE209D24012C9B00B95F24 /* Base */,
			);
			name = Main.storyboard;
			sourceTree = "<group>";
		};
		CBFE20A124012C9F00B95F24 /* LaunchScreen.storyboard */ = {
			isa = PBXVariantGroup;
			children = (
				CBFE20A224012C9F00B95F24 /* Base */,
			);
			name = LaunchScreen.storyboard;
			sourceTree = "<group>";
		};
/* End PBXVariantGroup section */

/* Begin XCBuildConfiguration section */
		CBFE20BB24012C9F00B95F24 /* Debug */ = {
			isa = XCBuildConfiguration;
			buildSettings = {
				ALWAYS_SEARCH_USER_PATHS = NO;
				CLANG_ANALYZER_NONNULL = YES;
				CLANG_ANALYZER_NUMBER_OBJECT_CONVERSION = YES_AGGRESSIVE;
				CLANG_CXX_LANGUAGE_STANDARD = "gnu++14";
				CLANG_CXX_LIBRARY = "libc++";
				CLANG_ENABLE_MODULES = YES;
				CLANG_ENABLE_OBJC_ARC = YES;
				CLANG_ENABLE_OBJC_WEAK = YES;
				CLANG_WARN_BLOCK_CAPTURE_AUTORELEASING = YES;
				CLANG_WARN_BOOL_CONVERSION = YES;
				CLANG_WARN_COMMA = YES;
				CLANG_WARN_CONSTANT_CONVERSION = YES;
				CLANG_WARN_DEPRECATED_OBJC_IMPLEMENTATIONS = YES;
				CLANG_WARN_DIRECT_OBJC_ISA_USAGE = YES_ERROR;
				CLANG_WARN_DOCUMENTATION_COMMENTS = YES;
				CLANG_WARN_EMPTY_BODY = YES;
				CLANG_WARN_ENUM_CONVERSION = YES;
				CLANG_WARN_INFINITE_RECURSION = YES;
				CLANG_WARN_INT_CONVERSION = YES;
				CLANG_WARN_NON_LITERAL_NULL_CONVERSION = YES;
				CLANG_WARN_OBJC_IMPLICIT_RETAIN_SELF = YES;
				CLANG_WARN_OBJC_LITERAL_CONVERSION = YES;
				CLANG_WARN_OBJC_ROOT_CLASS = YES_ERROR;
				CLANG_WARN_RANGE_LOOP_ANALYSIS = YES;
				CLANG_WARN_STRICT_PROTOTYPES = YES;
				CLANG_WARN_SUSPICIOUS_MOVE = YES;
				CLANG_WARN_UNGUARDED_AVAILABILITY = YES_AGGRESSIVE;
				CLANG_WARN_UNREACHABLE_CODE = YES;
				CLANG_WARN__DUPLICATE_METHOD_MATCH = YES;
				COPY_PHASE_STRIP = NO;
				DEBUG_INFORMATION_FORMAT = dwarf;
				ENABLE_STRICT_OBJC_MSGSEND = YES;
				ENABLE_TESTABILITY = YES;
				GCC_C_LANGUAGE_STANDARD = gnu11;
				GCC_DYNAMIC_NO_PIC = NO;
				GCC_NO_COMMON_BLOCKS = YES;
				GCC_OPTIMIZATION_LEVEL = 0;
				GCC_PREPROCESSOR_DEFINITIONS = (
					"DEBUG=1",
					"$(inherited)",
				);
				GCC_WARN_64_TO_32_BIT_CONVERSION = YES;
				GCC_WARN_ABOUT_RETURN_TYPE = YES_ERROR;
				GCC_WARN_UNDECLARED_SELECTOR = YES;
				GCC_WARN_UNINITIALIZED_AUTOS = YES_AGGRESSIVE;
				GCC_WARN_UNUSED_FUNCTION = YES;
				GCC_WARN_UNUSED_VARIABLE = YES;
				IPHONEOS_DEPLOYMENT_TARGET = 13.2;
				MTL_ENABLE_DEBUG_INFO = INCLUDE_SOURCE;
				MTL_FAST_MATH = YES;
				ONLY_ACTIVE_ARCH = YES;
				SDKROOT = iphoneos;
				SWIFT_ACTIVE_COMPILATION_CONDITIONS = DEBUG;
				SWIFT_OPTIMIZATION_LEVEL = "-Onone";
			};
			name = Debug;
		};
		CBFE20BC24012C9F00B95F24 /* Release */ = {
			isa = XCBuildConfiguration;
			buildSettings = {
				ALWAYS_SEARCH_USER_PATHS = NO;
				CLANG_ANALYZER_NONNULL = YES;
				CLANG_ANALYZER_NUMBER_OBJECT_CONVERSION = YES_AGGRESSIVE;
				CLANG_CXX_LANGUAGE_STANDARD = "gnu++14";
				CLANG_CXX_LIBRARY = "libc++";
				CLANG_ENABLE_MODULES = YES;
				CLANG_ENABLE_OBJC_ARC = YES;
				CLANG_ENABLE_OBJC_WEAK = YES;
				CLANG_WARN_BLOCK_CAPTURE_AUTORELEASING = YES;
				CLANG_WARN_BOOL_CONVERSION = YES;
				CLANG_WARN_COMMA = YES;
				CLANG_WARN_CONSTANT_CONVERSION = YES;
				CLANG_WARN_DEPRECATED_OBJC_IMPLEMENTATIONS = YES;
				CLANG_WARN_DIRECT_OBJC_ISA_USAGE = YES_ERROR;
				CLANG_WARN_DOCUMENTATION_COMMENTS = YES;
				CLANG_WARN_EMPTY_BODY = YES;
				CLANG_WARN_ENUM_CONVERSION = YES;
				CLANG_WARN_INFINITE_RECURSION = YES;
				CLANG_WARN_INT_CONVERSION = YES;
				CLANG_WARN_NON_LITERAL_NULL_CONVERSION = YES;
				CLANG_WARN_OBJC_IMPLICIT_RETAIN_SELF = YES;
				CLANG_WARN_OBJC_LITERAL_CONVERSION = YES;
				CLANG_WARN_OBJC_ROOT_CLASS = YES_ERROR;
				CLANG_WARN_RANGE_LOOP_ANALYSIS = YES;
				CLANG_WARN_STRICT_PROTOTYPES = YES;
				CLANG_WARN_SUSPICIOUS_MOVE = YES;
				CLANG_WARN_UNGUARDED_AVAILABILITY = YES_AGGRESSIVE;
				CLANG_WARN_UNREACHABLE_CODE = YES;
				CLANG_WARN__DUPLICATE_METHOD_MATCH = YES;
				COPY_PHASE_STRIP = NO;
				DEBUG_INFORMATION_FORMAT = "dwarf-with-dsym";
				ENABLE_NS_ASSERTIONS = NO;
				ENABLE_STRICT_OBJC_MSGSEND = YES;
				GCC_C_LANGUAGE_STANDARD = gnu11;
				GCC_NO_COMMON_BLOCKS = YES;
				GCC_WARN_64_TO_32_BIT_CONVERSION = YES;
				GCC_WARN_ABOUT_RETURN_TYPE = YES_ERROR;
				GCC_WARN_UNDECLARED_SELECTOR = YES;
				GCC_WARN_UNINITIALIZED_AUTOS = YES_AGGRESSIVE;
				GCC_WARN_UNUSED_FUNCTION = YES;
				GCC_WARN_UNUSED_VARIABLE = YES;
				IPHONEOS_DEPLOYMENT_TARGET = 13.2;
				MTL_ENABLE_DEBUG_INFO = NO;
				MTL_FAST_MATH = YES;
				SDKROOT = iphoneos;
				SWIFT_COMPILATION_MODE = wholemodule;
				SWIFT_OPTIMIZATION_LEVEL = "-O";
				VALIDATE_PRODUCT = YES;
			};
			name = Release;
		};
		CBFE20BE24012C9F00B95F24 /* Debug */ = {
			isa = XCBuildConfiguration;
			buildSettings = {
				ASSETCATALOG_COMPILER_APPICON_NAME = AppIcon;
				CODE_SIGN_STYLE = Automatic;
				INFOPLIST_FILE = Flashcards/Info.plist;
				LD_RUNPATH_SEARCH_PATHS = (
					"$(inherited)",
					"@executable_path/Frameworks",
				);
				PRODUCT_BUNDLE_IDENTIFIER = codepath.Flashcards;
				PRODUCT_NAME = "$(TARGET_NAME)";
				SWIFT_VERSION = 5.0;
				TARGETED_DEVICE_FAMILY = "1,2";
			};
			name = Debug;
		};
		CBFE20BF24012C9F00B95F24 /* Release */ = {
			isa = XCBuildConfiguration;
			buildSettings = {
				ASSETCATALOG_COMPILER_APPICON_NAME = AppIcon;
				CODE_SIGN_STYLE = Automatic;
				INFOPLIST_FILE = Flashcards/Info.plist;
				LD_RUNPATH_SEARCH_PATHS = (
					"$(inherited)",
					"@executable_path/Frameworks",
				);
				PRODUCT_BUNDLE_IDENTIFIER = codepath.Flashcards;
				PRODUCT_NAME = "$(TARGET_NAME)";
				SWIFT_VERSION = 5.0;
				TARGETED_DEVICE_FAMILY = "1,2";
			};
			name = Release;
		};
		CBFE20C124012C9F00B95F24 /* Debug */ = {
			isa = XCBuildConfiguration;
			buildSettings = {
				ALWAYS_EMBED_SWIFT_STANDARD_LIBRARIES = YES;
				BUNDLE_LOADER = "$(TEST_HOST)";
				CODE_SIGN_STYLE = Automatic;
				INFOPLIST_FILE = FlashcardsTests/Info.plist;
				IPHONEOS_DEPLOYMENT_TARGET = 13.2;
				LD_RUNPATH_SEARCH_PATHS = (
					"$(inherited)",
					"@executable_path/Frameworks",
					"@loader_path/Frameworks",
				);
				PRODUCT_BUNDLE_IDENTIFIER = codepath.FlashcardsTests;
				PRODUCT_NAME = "$(TARGET_NAME)";
				SWIFT_VERSION = 5.0;
				TARGETED_DEVICE_FAMILY = "1,2";
				TEST_HOST = "$(BUILT_PRODUCTS_DIR)/Flashcards.app/Flashcards";
			};
			name = Debug;
		};
		CBFE20C224012C9F00B95F24 /* Release */ = {
			isa = XCBuildConfiguration;
			buildSettings = {
				ALWAYS_EMBED_SWIFT_STANDARD_LIBRARIES = YES;
				BUNDLE_LOADER = "$(TEST_HOST)";
				CODE_SIGN_STYLE = Automatic;
				INFOPLIST_FILE = FlashcardsTests/Info.plist;
				IPHONEOS_DEPLOYMENT_TARGET = 13.2;
				LD_RUNPATH_SEARCH_PATHS = (
					"$(inherited)",
					"@executable_path/Frameworks",
					"@loader_path/Frameworks",
				);
				PRODUCT_BUNDLE_IDENTIFIER = codepath.FlashcardsTests;
				PRODUCT_NAME = "$(TARGET_NAME)";
				SWIFT_VERSION = 5.0;
				TARGETED_DEVICE_FAMILY = "1,2";
				TEST_HOST = "$(BUILT_PRODUCTS_DIR)/Flashcards.app/Flashcards";
			};
			name = Release;
		};
		CBFE20C424012C9F00B95F24 /* Debug */ = {
			isa = XCBuildConfiguration;
			buildSettings = {
				ALWAYS_EMBED_SWIFT_STANDARD_LIBRARIES = YES;
				CODE_SIGN_STYLE = Automatic;
				INFOPLIST_FILE = FlashcardsUITests/Info.plist;
				LD_RUNPATH_SEARCH_PATHS = (
					"$(inherited)",
					"@executable_path/Frameworks",
					"@loader_path/Frameworks",
				);
				PRODUCT_BUNDLE_IDENTIFIER = codepath.FlashcardsUITests;
				PRODUCT_NAME = "$(TARGET_NAME)";
				SWIFT_VERSION = 5.0;
				TARGETED_DEVICE_FAMILY = "1,2";
				TEST_TARGET_NAME = Flashcards;
			};
			name = Debug;
		};
		CBFE20C524012C9F00B95F24 /* Release */ = {
			isa = XCBuildConfiguration;
			buildSettings = {
				ALWAYS_EMBED_SWIFT_STANDARD_LIBRARIES = YES;
				CODE_SIGN_STYLE = Automatic;
				INFOPLIST_FILE = FlashcardsUITests/Info.plist;
				LD_RUNPATH_SEARCH_PATHS = (
					"$(inherited)",
					"@executable_path/Frameworks",
					"@loader_path/Frameworks",
				);
				PRODUCT_BUNDLE_IDENTIFIER = codepath.FlashcardsUITests;
				PRODUCT_NAME = "$(TARGET_NAME)";
				SWIFT_VERSION = 5.0;
				TARGETED_DEVICE_FAMILY = "1,2";
				TEST_TARGET_NAME = Flashcards;
			};
			name = Release;
		};
/* End XCBuildConfiguration section */

/* Begin XCConfigurationList section */
		CBFE208E24012C9B00B95F24 /* Build configuration list for PBXProject "Flashcards" */ = {
			isa = XCConfigurationList;
			buildConfigurations = (
				CBFE20BB24012C9F00B95F24 /* Debug */,
				CBFE20BC24012C9F00B95F24 /* Release */,
			);
			defaultConfigurationIsVisible = 0;
			defaultConfigurationName = Release;
		};
		CBFE20BD24012C9F00B95F24 /* Build configuration list for PBXNativeTarget "Flashcards" */ = {
			isa = XCConfigurationList;
			buildConfigurations = (
				CBFE20BE24012C9F00B95F24 /* Debug */,
				CBFE20BF24012C9F00B95F24 /* Release */,
			);
			defaultConfigurationIsVisible = 0;
			defaultConfigurationName = Release;
		};
		CBFE20C024012C9F00B95F24 /* Build configuration list for PBXNativeTarget "FlashcardsTests" */ = {
			isa = XCConfigurationList;
			buildConfigurations = (
				CBFE20C124012C9F00B95F24 /* Debug */,
				CBFE20C224012C9F00B95F24 /* Release */,
			);
			defaultConfigurationIsVisible = 0;
			defaultConfigurationName = Release;
		};
		CBFE20C324012C9F00B95F24 /* Build configuration list for PBXNativeTarget "FlashcardsUITests" */ = {
			isa = XCConfigurationList;
			buildConfigurations = (
				CBFE20C424012C9F00B95F24 /* Debug */,
				CBFE20C524012C9F00B95F24 /* Release */,
			);
			defaultConfigurationIsVisible = 0;
			defaultConfigurationName = Release;
		};
/* End XCConfigurationList section */
	};
	rootObject = CBFE208B24012C9B00B95F24 /* Project object */;
}
